
Microsoft Visual Studio Solution File, Format Version 12.00
# Visual Studio Version 16
VisualStudioVersion = 16.0.29409.12
MinimumVisualStudioVersion = 10.0.40219.1
Project("{FAE04EC0-301F-11D3-BF4B-00C04F79EFBC}") = "Ejercicio8", "Ejercicio8\Ejercicio8.csproj", "{77F1508B-06ED-402D-AE3F-2CADF24AD01E}"
EndProject
Global
	GlobalSection(SolutionConfigurationPlatforms) = preSolution
		Debug|Any CPU = Debug|Any CPU
		Release|Any CPU = Release|Any CPU
	EndGlobalSection
	GlobalSection(ProjectConfigurationPlatforms) = postSolution
		{77F1508B-06ED-402D-AE3F-2CADF24AD01E}.Debug|Any CPU.ActiveCfg = Debug|Any CPU
		{77F1508B-06ED-402D-AE3F-2CADF24AD01E}.Debug|Any CPU.Build.0 = Debug|Any CPU
		{77F1508B-06ED-402D-AE3F-2CADF24AD01E}.Release|Any CPU.ActiveCfg = Release|Any CPU
		{77F1508B-06ED-402D-AE3F-2CADF24AD01E}.Release|Any CPU.Build.0 = Release|Any CPU
	EndGlobalSection
	GlobalSection(SolutionProperties) = preSolution
		HideSolutionNode = FALSE
	EndGlobalSection
	GlobalSection(ExtensibilityGlobals) = postSolution
		SolutionGuid = {A0C258E7-1F00-4670-BC16-88186268A386}
	EndGlobalSection
EndGlobal
