
Microsoft Visual Studio Solution File, Format Version 12.00
# Visual Studio Version 16
VisualStudioVersion = 16.0.29409.12
MinimumVisualStudioVersion = 10.0.40219.1
Project("{FAE04EC0-301F-11D3-BF4B-00C04F79EFBC}") = "Ejercicio6", "Ejercicio6\Ejercicio6.csproj", "{D5F487D6-6F42-4EC0-A269-643000E09F29}"
EndProject
Global
	GlobalSection(SolutionConfigurationPlatforms) = preSolution
		Debug|Any CPU = Debug|Any CPU
		Release|Any CPU = Release|Any CPU
	EndGlobalSection
	GlobalSection(ProjectConfigurationPlatforms) = postSolution
		{D5F487D6-6F42-4EC0-A269-643000E09F29}.Debug|Any CPU.ActiveCfg = Debug|Any CPU
		{D5F487D6-6F42-4EC0-A269-643000E09F29}.Debug|Any CPU.Build.0 = Debug|Any CPU
		{D5F487D6-6F42-4EC0-A269-643000E09F29}.Release|Any CPU.ActiveCfg = Release|Any CPU
		{D5F487D6-6F42-4EC0-A269-643000E09F29}.Release|Any CPU.Build.0 = Release|Any CPU
	EndGlobalSection
	GlobalSection(SolutionProperties) = preSolution
		HideSolutionNode = FALSE
	EndGlobalSection
	GlobalSection(ExtensibilityGlobals) = postSolution
		SolutionGuid = {0A740580-77BE-46B7-AB30-91BC596A6FB3}
	EndGlobalSection
EndGlobal
