
Microsoft Visual Studio Solution File, Format Version 12.00
# Visual Studio Version 16
VisualStudioVersion = 16.0.29409.12
MinimumVisualStudioVersion = 10.0.40219.1
Project("{FAE04EC0-301F-11D3-BF4B-00C04F79EFBC}") = "Ejercicio5", "Ejercicio5\Ejercicio5.csproj", "{1F613002-4651-46D8-8578-52C97E9EA45C}"
EndProject
Global
	GlobalSection(SolutionConfigurationPlatforms) = preSolution
		Debug|Any CPU = Debug|Any CPU
		Release|Any CPU = Release|Any CPU
	EndGlobalSection
	GlobalSection(ProjectConfigurationPlatforms) = postSolution
		{1F613002-4651-46D8-8578-52C97E9EA45C}.Debug|Any CPU.ActiveCfg = Debug|Any CPU
		{1F613002-4651-46D8-8578-52C97E9EA45C}.Debug|Any CPU.Build.0 = Debug|Any CPU
		{1F613002-4651-46D8-8578-52C97E9EA45C}.Release|Any CPU.ActiveCfg = Release|Any CPU
		{1F613002-4651-46D8-8578-52C97E9EA45C}.Release|Any CPU.Build.0 = Release|Any CPU
	EndGlobalSection
	GlobalSection(SolutionProperties) = preSolution
		HideSolutionNode = FALSE
	EndGlobalSection
	GlobalSection(ExtensibilityGlobals) = postSolution
		SolutionGuid = {8F42224E-FCD9-42E9-A95F-6276F0825ABE}
	EndGlobalSection
EndGlobal
