
Microsoft Visual Studio Solution File, Format Version 12.00
# Visual Studio Version 16
VisualStudioVersion = 16.0.29319.158
MinimumVisualStudioVersion = 10.0.40219.1
Project("{FAE04EC0-301F-11D3-BF4B-00C04F79EFBC}") = "Ejercicio5", "Ejercicio5\Ejercicio5.csproj", "{12035658-091F-4711-A5A0-56415B8AA22E}"
EndProject
Global
	GlobalSection(SolutionConfigurationPlatforms) = preSolution
		Debug|Any CPU = Debug|Any CPU
		Release|Any CPU = Release|Any CPU
	EndGlobalSection
	GlobalSection(ProjectConfigurationPlatforms) = postSolution
		{12035658-091F-4711-A5A0-56415B8AA22E}.Debug|Any CPU.ActiveCfg = Debug|Any CPU
		{12035658-091F-4711-A5A0-56415B8AA22E}.Debug|Any CPU.Build.0 = Debug|Any CPU
		{12035658-091F-4711-A5A0-56415B8AA22E}.Release|Any CPU.ActiveCfg = Release|Any CPU
		{12035658-091F-4711-A5A0-56415B8AA22E}.Release|Any CPU.Build.0 = Release|Any CPU
	EndGlobalSection
	GlobalSection(SolutionProperties) = preSolution
		HideSolutionNode = FALSE
	EndGlobalSection
	GlobalSection(ExtensibilityGlobals) = postSolution
		SolutionGuid = {56310CFC-617C-4C7C-8D66-028CBD1FE716}
	EndGlobalSection
EndGlobal
