
Microsoft Visual Studio Solution File, Format Version 12.00
# Visual Studio Version 16
VisualStudioVersion = 16.0.29409.12
MinimumVisualStudioVersion = 10.0.40219.1
Project("{FAE04EC0-301F-11D3-BF4B-00C04F79EFBC}") = "Ejercicio1", "Ejercicio1\Ejercicio1.csproj", "{300C20A5-1790-41AF-80EF-6146151D78DD}"
EndProject
Global
	GlobalSection(SolutionConfigurationPlatforms) = preSolution
		Debug|Any CPU = Debug|Any CPU
		Release|Any CPU = Release|Any CPU
	EndGlobalSection
	GlobalSection(ProjectConfigurationPlatforms) = postSolution
		{300C20A5-1790-41AF-80EF-6146151D78DD}.Debug|Any CPU.ActiveCfg = Debug|Any CPU
		{300C20A5-1790-41AF-80EF-6146151D78DD}.Debug|Any CPU.Build.0 = Debug|Any CPU
		{300C20A5-1790-41AF-80EF-6146151D78DD}.Release|Any CPU.ActiveCfg = Release|Any CPU
		{300C20A5-1790-41AF-80EF-6146151D78DD}.Release|Any CPU.Build.0 = Release|Any CPU
	EndGlobalSection
	GlobalSection(SolutionProperties) = preSolution
		HideSolutionNode = FALSE
	EndGlobalSection
	GlobalSection(ExtensibilityGlobals) = postSolution
		SolutionGuid = {B1E64446-B4A4-42D2-BE5F-2EAE51D62DCE}
	EndGlobalSection
EndGlobal
