
Microsoft Visual Studio Solution File, Format Version 12.00
# Visual Studio 15
VisualStudioVersion = 15.0.28010.2036
MinimumVisualStudioVersion = 10.0.40219.1
Project("{FAE04EC0-301F-11D3-BF4B-00C04F79EFBC}") = "ej2enClase1110", "ej2enClase1110\ej2enClase1110.csproj", "{733BF677-3396-4DD1-B579-3C0311DCEB27}"
EndProject
Global
	GlobalSection(SolutionConfigurationPlatforms) = preSolution
		Debug|Any CPU = Debug|Any CPU
		Release|Any CPU = Release|Any CPU
	EndGlobalSection
	GlobalSection(ProjectConfigurationPlatforms) = postSolution
		{733BF677-3396-4DD1-B579-3C0311DCEB27}.Debug|Any CPU.ActiveCfg = Debug|Any CPU
		{733BF677-3396-4DD1-B579-3C0311DCEB27}.Debug|Any CPU.Build.0 = Debug|Any CPU
		{733BF677-3396-4DD1-B579-3C0311DCEB27}.Release|Any CPU.ActiveCfg = Release|Any CPU
		{733BF677-3396-4DD1-B579-3C0311DCEB27}.Release|Any CPU.Build.0 = Release|Any CPU
	EndGlobalSection
	GlobalSection(SolutionProperties) = preSolution
		HideSolutionNode = FALSE
	EndGlobalSection
	GlobalSection(ExtensibilityGlobals) = postSolution
		SolutionGuid = {FADF6BDA-6216-4D0F-911D-BBD164B0FB1E}
	EndGlobalSection
EndGlobal
