
Microsoft Visual Studio Solution File, Format Version 12.00
# Visual Studio Version 16
VisualStudioVersion = 16.0.29409.12
MinimumVisualStudioVersion = 10.0.40219.1
Project("{FAE04EC0-301F-11D3-BF4B-00C04F79EFBC}") = "Ejercicio 2", "Ejercicio 2\Ejercicio 2.csproj", "{DDA60116-9DEA-4870-8407-234E38CAAD91}"
EndProject
Global
	GlobalSection(SolutionConfigurationPlatforms) = preSolution
		Debug|Any CPU = Debug|Any CPU
		Release|Any CPU = Release|Any CPU
	EndGlobalSection
	GlobalSection(ProjectConfigurationPlatforms) = postSolution
		{DDA60116-9DEA-4870-8407-234E38CAAD91}.Debug|Any CPU.ActiveCfg = Debug|Any CPU
		{DDA60116-9DEA-4870-8407-234E38CAAD91}.Debug|Any CPU.Build.0 = Debug|Any CPU
		{DDA60116-9DEA-4870-8407-234E38CAAD91}.Release|Any CPU.ActiveCfg = Release|Any CPU
		{DDA60116-9DEA-4870-8407-234E38CAAD91}.Release|Any CPU.Build.0 = Release|Any CPU
	EndGlobalSection
	GlobalSection(SolutionProperties) = preSolution
		HideSolutionNode = FALSE
	EndGlobalSection
	GlobalSection(ExtensibilityGlobals) = postSolution
		SolutionGuid = {7393D9A2-EC0C-4794-AE01-2C4067625A9D}
	EndGlobalSection
EndGlobal
