
Microsoft Visual Studio Solution File, Format Version 12.00
# Visual Studio Version 16
VisualStudioVersion = 16.0.29409.12
MinimumVisualStudioVersion = 10.0.40219.1
Project("{FAE04EC0-301F-11D3-BF4B-00C04F79EFBC}") = "Ejercicio1", "Ejercicio1\Ejercicio1.csproj", "{99DE75A8-FD6B-4688-98CF-90E2A13F7A3D}"
EndProject
Global
	GlobalSection(SolutionConfigurationPlatforms) = preSolution
		Debug|Any CPU = Debug|Any CPU
		Release|Any CPU = Release|Any CPU
	EndGlobalSection
	GlobalSection(ProjectConfigurationPlatforms) = postSolution
		{99DE75A8-FD6B-4688-98CF-90E2A13F7A3D}.Debug|Any CPU.ActiveCfg = Debug|Any CPU
		{99DE75A8-FD6B-4688-98CF-90E2A13F7A3D}.Debug|Any CPU.Build.0 = Debug|Any CPU
		{99DE75A8-FD6B-4688-98CF-90E2A13F7A3D}.Release|Any CPU.ActiveCfg = Release|Any CPU
		{99DE75A8-FD6B-4688-98CF-90E2A13F7A3D}.Release|Any CPU.Build.0 = Release|Any CPU
	EndGlobalSection
	GlobalSection(SolutionProperties) = preSolution
		HideSolutionNode = FALSE
	EndGlobalSection
	GlobalSection(ExtensibilityGlobals) = postSolution
		SolutionGuid = {A7D658F8-E851-4D6E-B84C-BDBDACBA7827}
	EndGlobalSection
EndGlobal
