
Microsoft Visual Studio Solution File, Format Version 12.00
# Visual Studio Version 16
VisualStudioVersion = 16.0.29409.12
MinimumVisualStudioVersion = 10.0.40219.1
Project("{FAE04EC0-301F-11D3-BF4B-00C04F79EFBC}") = "Ejercicio4", "Ejercicio4\Ejercicio4.csproj", "{96D17A3C-B501-4C54-A090-93902E5CDFD2}"
EndProject
Global
	GlobalSection(SolutionConfigurationPlatforms) = preSolution
		Debug|Any CPU = Debug|Any CPU
		Release|Any CPU = Release|Any CPU
	EndGlobalSection
	GlobalSection(ProjectConfigurationPlatforms) = postSolution
		{96D17A3C-B501-4C54-A090-93902E5CDFD2}.Debug|Any CPU.ActiveCfg = Debug|Any CPU
		{96D17A3C-B501-4C54-A090-93902E5CDFD2}.Debug|Any CPU.Build.0 = Debug|Any CPU
		{96D17A3C-B501-4C54-A090-93902E5CDFD2}.Release|Any CPU.ActiveCfg = Release|Any CPU
		{96D17A3C-B501-4C54-A090-93902E5CDFD2}.Release|Any CPU.Build.0 = Release|Any CPU
	EndGlobalSection
	GlobalSection(SolutionProperties) = preSolution
		HideSolutionNode = FALSE
	EndGlobalSection
	GlobalSection(ExtensibilityGlobals) = postSolution
		SolutionGuid = {B3FD2D14-9937-4A68-887B-F9FF4142F5A8}
	EndGlobalSection
EndGlobal
