
Microsoft Visual Studio Solution File, Format Version 12.00
# Visual Studio Version 16
VisualStudioVersion = 16.0.29409.12
MinimumVisualStudioVersion = 10.0.40219.1
Project("{FAE04EC0-301F-11D3-BF4B-00C04F79EFBC}") = "EjercicioVectorEnClase", "EjercicioVectorEnClase\EjercicioVectorEnClase.csproj", "{2EB0ECB8-EA3D-4775-8F63-976DC98AF75F}"
EndProject
Global
	GlobalSection(SolutionConfigurationPlatforms) = preSolution
		Debug|Any CPU = Debug|Any CPU
		Release|Any CPU = Release|Any CPU
	EndGlobalSection
	GlobalSection(ProjectConfigurationPlatforms) = postSolution
		{2EB0ECB8-EA3D-4775-8F63-976DC98AF75F}.Debug|Any CPU.ActiveCfg = Debug|Any CPU
		{2EB0ECB8-EA3D-4775-8F63-976DC98AF75F}.Debug|Any CPU.Build.0 = Debug|Any CPU
		{2EB0ECB8-EA3D-4775-8F63-976DC98AF75F}.Release|Any CPU.ActiveCfg = Release|Any CPU
		{2EB0ECB8-EA3D-4775-8F63-976DC98AF75F}.Release|Any CPU.Build.0 = Release|Any CPU
	EndGlobalSection
	GlobalSection(SolutionProperties) = preSolution
		HideSolutionNode = FALSE
	EndGlobalSection
	GlobalSection(ExtensibilityGlobals) = postSolution
		SolutionGuid = {72F708D5-CFE9-4FCE-BCC7-F620FF7CD831}
	EndGlobalSection
EndGlobal
